// !$*UTF8*$!
{
	archiveVersion = 1;
	classes = {
	};
	objectVersion = 50;
	objects = {

/* Begin PBXBuildFile section */
		E2448AB52725FB4E000EDC3D /* CourseRow.swift in Sources */ = {isa = PBXBuildFile; fileRef = E2448AB42725FB4E000EDC3D /* CourseRow.swift */; };
		E28403EB2723766900B8F6F2 /* MangaAppApp.swift in Sources */ = {isa = PBXBuildFile; fileRef = E28403EA2723766900B8F6F2 /* MangaAppApp.swift */; };
		E28403ED2723766900B8F6F2 /* ContentView.swift in Sources */ = {isa = PBXBuildFile; fileRef = E28403EC2723766900B8F6F2 /* ContentView.swift */; };
		E28403EF2723766A00B8F6F2 /* Assets.xcassets in Resources */ = {isa = PBXBuildFile; fileRef = E28403EE2723766A00B8F6F2 /* Assets.xcassets */; };
		E28403F22723766A00B8F6F2 /* Preview Assets.xcassets in Resources */ = {isa = PBXBuildFile; fileRef = E28403F12723766A00B8F6F2 /* Preview Assets.xcassets */; };
		E2BBB12C27277549000849D3 /* CoursesView.swift in Sources */ = {isa = PBXBuildFile; fileRef = E2BBB12B27277549000849D3 /* CoursesView.swift */; };
/* End PBXBuildFile section */

/* Begin PBXFileReference section */
		E2448AB42725FB4E000EDC3D /* CourseRow.swift */ = {isa = PBXFileReference; lastKnownFileType = sourcecode.swift; path = CourseRow.swift; sourceTree = "<group>"; };
		E28403E72723766900B8F6F2 /* MangaApp.app */ = {isa = PBXFileReference; explicitFileType = wrapper.application; includeInIndex = 0; path = MangaApp.app; sourceTree = BUILT_PRODUCTS_DIR; };
		E28403EA2723766900B8F6F2 /* MangaAppApp.swift */ = {isa = PBXFileReference; lastKnownFileType = sourcecode.swift; path = MangaAppApp.swift; sourceTree = "<group>"; };
		E28403EC2723766900B8F6F2 /* ContentView.swift */ = {isa = PBXFileReference; lastKnownFileType = sourcecode.swift; path = ContentView.swift; sourceTree = "<group>"; };
		E28403EE2723766A00B8F6F2 /* Assets.xcassets */ = {isa = PBXFileReference; lastKnownFileType = folder.assetcatalog; path = Assets.xcassets; sourceTree = "<group>"; };
		E28403F12723766A00B8F6F2 /* Preview Assets.xcassets */ = {isa = PBXFileReference; lastKnownFileType = folder.assetcatalog; path = "Preview Assets.xcassets"; sourceTree = "<group>"; };
		E28403F32723766A00B8F6F2 /* Info.plist */ = {isa = PBXFileReference; lastKnownFileType = text.plist.xml; path = Info.plist; sourceTree = "<group>"; };
		E2BBB12B27277549000849D3 /* CoursesView.swift */ = {isa = PBXFileReference; lastKnownFileType = sourcecode.swift; path = CoursesView.swift; sourceTree = "<group>"; };
/* End PBXFileReference section */

/* Begin PBXFrameworksBuildPhase section */
		E28403E42723766900B8F6F2 /* Frameworks */ = {
			isa = PBXFrameworksBuildPhase;
			buildActionMask = 2147483647;
			files = (
			);
			runOnlyForDeploymentPostprocessing = 0;
		};
/* End PBXFrameworksBuildPhase section */

/* Begin PBXGroup section */
		E28403DE2723766900B8F6F2 = {
			isa = PBXGroup;
			children = (
				E28403E92723766900B8F6F2 /* MangaApp */,
				E28403E82723766900B8F6F2 /* Products */,
			);
			sourceTree = "<group>";
		};
		E28403E82723766900B8F6F2 /* Products */ = {
			isa = PBXGroup;
			children = (
				E28403E72723766900B8F6F2 /* MangaApp.app */,
			);
			name = Products;
			sourceTree = "<group>";
		};
		E28403E92723766900B8F6F2 /* MangaApp */ = {
			isa = PBXGroup;
			children = (
				E28403EA2723766900B8F6F2 /* MangaAppApp.swift */,
				E28403EC2723766900B8F6F2 /* ContentView.swift */,
				E2448AB42725FB4E000EDC3D /* CourseRow.swift */,
				E2BBB12B27277549000849D3 /* CoursesView.swift */,
				E28403EE2723766A00B8F6F2 /* Assets.xcassets */,
				E28403F32723766A00B8F6F2 /* Info.plist */,
				E28403F02723766A00B8F6F2 /* Preview Content */,
			);
			path = MangaApp;
			sourceTree = "<group>";
		};
		E28403F02723766A00B8F6F2 /* Preview Content */ = {
			isa = PBXGroup;
			children = (
				E28403F12723766A00B8F6F2 /* Preview Assets.xcassets */,
			);
			path = "Preview Content";
			sourceTree = "<group>";
		};
/* End PBXGroup section */

/* Begin PBXNativeTarget section */
		E28403E62723766900B8F6F2 /* MangaApp */ = {
			isa = PBXNativeTarget;
			buildConfigurationList = E28403F62723766A00B8F6F2 /* Build configuration list for PBXNativeTarget "MangaApp" */;
			buildPhases = (
				E28403E32723766900B8F6F2 /* Sources */,
				E28403E42723766900B8F6F2 /* Frameworks */,
				E28403E52723766900B8F6F2 /* Resources */,
			);
			buildRules = (
			);
			dependencies = (
			);
			name = MangaApp;
			productName = MangaApp;
			productReference = E28403E72723766900B8F6F2 /* MangaApp.app */;
			productType = "com.apple.product-type.application";
		};
/* End PBXNativeTarget section */

/* Begin PBXProject section */
		E28403DF2723766900B8F6F2 /* Project object */ = {
			isa = PBXProject;
			attributes = {
				LastSwiftUpdateCheck = 1250;
				LastUpgradeCheck = 1250;
				TargetAttributes = {
					E28403E62723766900B8F6F2 = {
						CreatedOnToolsVersion = 12.5.1;
					};
				};
			};
			buildConfigurationList = E28403E22723766900B8F6F2 /* Build configuration list for PBXProject "MangaApp" */;
			compatibilityVersion = "Xcode 9.3";
			developmentRegion = en;
			hasScannedForEncodings = 0;
			knownRegions = (
				en,
				Base,
			);
			mainGroup = E28403DE2723766900B8F6F2;
			productRefGroup = E28403E82723766900B8F6F2 /* Products */;
			projectDirPath = "";
			projectRoot = "";
			targets = (
				E28403E62723766900B8F6F2 /* MangaApp */,
			);
		};
/* End PBXProject section */

/* Begin PBXResourcesBuildPhase section */
		E28403E52723766900B8F6F2 /* Resources */ = {
			isa = PBXResourcesBuildPhase;
			buildActionMask = 2147483647;
			files = (
				E28403F22723766A00B8F6F2 /* Preview Assets.xcassets in Resources */,
				E28403EF2723766A00B8F6F2 /* Assets.xcassets in Resources */,
			);
			runOnlyForDeploymentPostprocessing = 0;
		};
/* End PBXResourcesBuildPhase section */

/* Begin PBXSourcesBuildPhase section */
		E28403E32723766900B8F6F2 /* Sources */ = {
			isa = PBXSourcesBuildPhase;
			buildActionMask = 2147483647;
			files = (
				E28403ED2723766900B8F6F2 /* ContentView.swift in Sources */,
				E2448AB52725FB4E000EDC3D /* CourseRow.swift in Sources */,
				E28403EB2723766900B8F6F2 /* MangaAppApp.swift in Sources */,
				E2BBB12C27277549000849D3 /* CoursesView.swift in Sources */,
			);
			runOnlyForDeploymentPostprocessing = 0;
		};
/* End PBXSourcesBuildPhase section */

/* Begin XCBuildConfiguration section */
		E28403F42723766A00B8F6F2 /* Debug */ = {
			isa = XCBuildConfiguration;
			buildSettings = {
				ALWAYS_SEARCH_USER_PATHS = NO;
				CLANG_ANALYZER_NONNULL = YES;
				CLANG_ANALYZER_NUMBER_OBJECT_CONVERSION = YES_AGGRESSIVE;
				CLANG_CXX_LANGUAGE_STANDARD = "gnu++14";
				CLANG_CXX_LIBRARY = "libc++";
				CLANG_ENABLE_MODULES = YES;
				CLANG_ENABLE_OBJC_ARC = YES;
				CLANG_ENABLE_OBJC_WEAK = YES;
				CLANG_WARN_BLOCK_CAPTURE_AUTORELEASING = YES;
				CLANG_WARN_BOOL_CONVERSION = YES;
				CLANG_WARN_COMMA = YES;
				CLANG_WARN_CONSTANT_CONVERSION = YES;
				CLANG_WARN_DEPRECATED_OBJC_IMPLEMENTATIONS = YES;
				CLANG_WARN_DIRECT_OBJC_ISA_USAGE = YES_ERROR;
				CLANG_WARN_DOCUMENTATION_COMMENTS = YES;
				CLANG_WARN_EMPTY_BODY = YES;
				CLANG_WARN_ENUM_CONVERSION = YES;
				CLANG_WARN_INFINITE_RECURSION = YES;
				CLANG_WARN_INT_CONVERSION = YES;
				CLANG_WARN_NON_LITERAL_NULL_CONVERSION = YES;
				CLANG_WARN_OBJC_IMPLICIT_RETAIN_SELF = YES;
				CLANG_WARN_OBJC_LITERAL_CONVERSION = YES;
				CLANG_WARN_OBJC_ROOT_CLASS = YES_ERROR;
				CLANG_WARN_QUOTED_INCLUDE_IN_FRAMEWORK_HEADER = YES;
				CLANG_WARN_RANGE_LOOP_ANALYSIS = YES;
				CLANG_WARN_STRICT_PROTOTYPES = YES;
				CLANG_WARN_SUSPICIOUS_MOVE = YES;
				CLANG_WARN_UNGUARDED_AVAILABILITY = YES_AGGRESSIVE;
				CLANG_WARN_UNREACHABLE_CODE = YES;
				CLANG_WARN__DUPLICATE_METHOD_MATCH = YES;
				COPY_PHASE_STRIP = NO;
				DEBUG_INFORMATION_FORMAT = dwarf;
				ENABLE_STRICT_OBJC_MSGSEND = YES;
				ENABLE_TESTABILITY = YES;
				GCC_C_LANGUAGE_STANDARD = gnu11;
				GCC_DYNAMIC_NO_PIC = NO;
				GCC_NO_COMMON_BLOCKS = YES;
				GCC_OPTIMIZATION_LEVEL = 0;
				GCC_PREPROCESSOR_DEFINITIONS = (
					"DEBUG=1",
					"$(inherited)",
				);
				GCC_WARN_64_TO_32_BIT_CONVERSION = YES;
				GCC_WARN_ABOUT_RETURN_TYPE = YES_ERROR;
				GCC_WARN_UNDECLARED_SELECTOR = YES;
				GCC_WARN_UNINITIALIZED_AUTOS = YES_AGGRESSIVE;
				GCC_WARN_UNUSED_FUNCTION = YES;
				GCC_WARN_UNUSED_VARIABLE = YES;
				IPHONEOS_DEPLOYMENT_TARGET = 14.5;
				MTL_ENABLE_DEBUG_INFO = INCLUDE_SOURCE;
				MTL_FAST_MATH = YES;
				ONLY_ACTIVE_ARCH = YES;
				SDKROOT = iphoneos;
				SWIFT_ACTIVE_COMPILATION_CONDITIONS = DEBUG;
				SWIFT_OPTIMIZATION_LEVEL = "-Onone";
			};
			name = Debug;
		};
		E28403F52723766A00B8F6F2 /* Release */ = {
			isa = XCBuildConfiguration;
			buildSettings = {
				ALWAYS_SEARCH_USER_PATHS = NO;
				CLANG_ANALYZER_NONNULL = YES;
				CLANG_ANALYZER_NUMBER_OBJECT_CONVERSION = YES_AGGRESSIVE;
				CLANG_CXX_LANGUAGE_STANDARD = "gnu++14";
				CLANG_CXX_LIBRARY = "libc++";
				CLANG_ENABLE_MODULES = YES;
				CLANG_ENABLE_OBJC_ARC = YES;
				CLANG_ENABLE_OBJC_WEAK = YES;
				CLANG_WARN_BLOCK_CAPTURE_AUTORELEASING = YES;
				CLANG_WARN_BOOL_CONVERSION = YES;
				CLANG_WARN_COMMA = YES;
				CLANG_WARN_CONSTANT_CONVERSION = YES;
				CLANG_WARN_DEPRECATED_OBJC_IMPLEMENTATIONS = YES;
				CLANG_WARN_DIRECT_OBJC_ISA_USAGE = YES_ERROR;
				CLANG_WARN_DOCUMENTATION_COMMENTS = YES;
				CLANG_WARN_EMPTY_BODY = YES;
				CLANG_WARN_ENUM_CONVERSION = YES;
				CLANG_WARN_INFINITE_RECURSION = YES;
				CLANG_WARN_INT_CONVERSION = YES;
				CLANG_WARN_NON_LITERAL_NULL_CONVERSION = YES;
				CLANG_WARN_OBJC_IMPLICIT_RETAIN_SELF = YES;
				CLANG_WARN_OBJC_LITERAL_CONVERSION = YES;
				CLANG_WARN_OBJC_ROOT_CLASS = YES_ERROR;
				CLANG_WARN_QUOTED_INCLUDE_IN_FRAMEWORK_HEADER = YES;
				CLANG_WARN_RANGE_LOOP_ANALYSIS = YES;
				CLANG_WARN_STRICT_PROTOTYPES = YES;
				CLANG_WARN_SUSPICIOUS_MOVE = YES;
				CLANG_WARN_UNGUARDED_AVAILABILITY = YES_AGGRESSIVE;
				CLANG_WARN_UNREACHABLE_CODE = YES;
				CLANG_WARN__DUPLICATE_METHOD_MATCH = YES;
				COPY_PHASE_STRIP = NO;
				DEBUG_INFORMATION_FORMAT = "dwarf-with-dsym";
				ENABLE_NS_ASSERTIONS = NO;
				ENABLE_STRICT_OBJC_MSGSEND = YES;
				GCC_C_LANGUAGE_STANDARD = gnu11;
				GCC_NO_COMMON_BLOCKS = YES;
				GCC_WARN_64_TO_32_BIT_CONVERSION = YES;
				GCC_WARN_ABOUT_RETURN_TYPE = YES_ERROR;
				GCC_WARN_UNDECLARED_SELECTOR = YES;
				GCC_WARN_UNINITIALIZED_AUTOS = YES_AGGRESSIVE;
				GCC_WARN_UNUSED_FUNCTION = YES;
				GCC_WARN_UNUSED_VARIABLE = YES;
				IPHONEOS_DEPLOYMENT_TARGET = 14.5;
				MTL_ENABLE_DEBUG_INFO = NO;
				MTL_FAST_MATH = YES;
				SDKROOT = iphoneos;
				SWIFT_COMPILATION_MODE = wholemodule;
				SWIFT_OPTIMIZATION_LEVEL = "-O";
				VALIDATE_PRODUCT = YES;
			};
			name = Release;
		};
		E28403F72723766A00B8F6F2 /* Debug */ = {
			isa = XCBuildConfiguration;
			buildSettings = {
				ASSETCATALOG_COMPILER_APPICON_NAME = AppIcon;
				ASSETCATALOG_COMPILER_GLOBAL_ACCENT_COLOR_NAME = AccentColor;
				CODE_SIGN_STYLE = Automatic;
				DEVELOPMENT_ASSET_PATHS = "\"MangaApp/Preview Content\"";
				DEVELOPMENT_TEAM = ZY82K3XX7G;
				ENABLE_PREVIEWS = YES;
				INFOPLIST_FILE = MangaApp/Info.plist;
				IPHONEOS_DEPLOYMENT_TARGET = 14.0;
				LD_RUNPATH_SEARCH_PATHS = (
					"$(inherited)",
					"@executable_path/Frameworks",
				);
				PRODUCT_BUNDLE_IDENTIFIER = com.3dmations.MangaApp;
				PRODUCT_NAME = "$(TARGET_NAME)";
				SWIFT_VERSION = 5.0;
				TARGETED_DEVICE_FAMILY = "1,2";
			};
			name = Debug;
		};
		E28403F82723766A00B8F6F2 /* Release */ = {
			isa = XCBuildConfiguration;
			buildSettings = {
				ASSETCATALOG_COMPILER_APPICON_NAME = AppIcon;
				ASSETCATALOG_COMPILER_GLOBAL_ACCENT_COLOR_NAME = AccentColor;
				CODE_SIGN_STYLE = Automatic;
				DEVELOPMENT_ASSET_PATHS = "\"MangaApp/Preview Content\"";
				DEVELOPMENT_TEAM = ZY82K3XX7G;
				ENABLE_PREVIEWS = YES;
				INFOPLIST_FILE = MangaApp/Info.plist;
				IPHONEOS_DEPLOYMENT_TARGET = 14.0;
				LD_RUNPATH_SEARCH_PATHS = (
					"$(inherited)",
					"@executable_path/Frameworks",
				);
				PRODUCT_BUNDLE_IDENTIFIER = com.3dmations.MangaApp;
				PRODUCT_NAME = "$(TARGET_NAME)";
				SWIFT_VERSION = 5.0;
				TARGETED_DEVICE_FAMILY = "1,2";
			};
			name = Release;
		};
/* End XCBuildConfiguration section */

/* Begin XCConfigurationList section */
		E28403E22723766900B8F6F2 /* Build configuration list for PBXProject "MangaApp" */ = {
			isa = XCConfigurationList;
			buildConfigurations = (
				E28403F42723766A00B8F6F2 /* Debug */,
				E28403F52723766A00B8F6F2 /* Release */,
			);
			defaultConfigurationIsVisible = 0;
			defaultConfigurationName = Release;
		};
		E28403F62723766A00B8F6F2 /* Build configuration list for PBXNativeTarget "MangaApp" */ = {
			isa = XCConfigurationList;
			buildConfigurations = (
				E28403F72723766A00B8F6F2 /* Debug */,
				E28403F82723766A00B8F6F2 /* Release */,
			);
			defaultConfigurationIsVisible = 0;
			defaultConfigurationName = Release;
		};
/* End XCConfigurationList section */
	};
	rootObject = E28403DF2723766900B8F6F2 /* Project object */;
}
